
Microsoft Visual Studio Solution File, Format Version 12.00
# Visual Studio Version 17
VisualStudioVersion = 17.0.31903.59
MinimumVisualStudioVersion = 10.0.40219.1
Project("{FAE04EC0-301F-11D3-BF4B-00C04F79EFBC}") = "Portfolio", "Portfolio.csproj", "{25A3900D-D0E2-4631-9BEE-E80328CBB1D9}"
EndProject
Project("{9A19103F-16F7-4668-BE54-9A1E7A4F7556}") = "KuetAdventure.Api", "KuetAdventure.Api\KuetAdventure.Api.csproj", "{B1F2C3D4-E5F6-7890-ABCD-EF1234567890}"
EndProject
Global
	GlobalSection(SolutionConfigurationPlatforms) = preSolution
		Debug|Any CPU = Debug|Any CPU
		Release|Any CPU = Release|Any CPU
	EndGlobalSection
	GlobalSection(ProjectConfigurationPlatforms) = postSolution
		{25A3900D-D0E2-4631-9BEE-E80328CBB1D9}.Debug|Any CPU.ActiveCfg = Debug|AnyCPU
		{25A3900D-D0E2-4631-9BEE-E80328CBB1D9}.Debug|Any CPU.Build.0 = Debug|AnyCPU
		{25A3900D-D0E2-4631-9BEE-E80328CBB1D9}.Release|Any CPU.ActiveCfg = Release|AnyCPU
		{25A3900D-D0E2-4631-9BEE-E80328CBB1D9}.Release|Any CPU.Build.0 = Release|AnyCPU
		{B1F2C3D4-E5F6-7890-ABCD-EF1234567890}.Debug|Any CPU.ActiveCfg = Debug|AnyCPU
		{B1F2C3D4-E5F6-7890-ABCD-EF1234567890}.Debug|Any CPU.Build.0 = Debug|AnyCPU
		{B1F2C3D4-E5F6-7890-ABCD-EF1234567890}.Release|Any CPU.ActiveCfg = Release|AnyCPU
		{B1F2C3D4-E5F6-7890-ABCD-EF1234567890}.Release|Any CPU.Build.0 = Release|AnyCPU
	EndGlobalSection
	GlobalSection(SolutionProperties) = preSolution
		HideSolutionNode = FALSE
	EndGlobalSection
	GlobalSection(ExtensibilityGlobals) = postSolution
		SolutionGuid = {ED7DB05D-0982-4508-A0E9-9DCEE1E9493C}
	EndGlobalSection
EndGlobal
